
Microsoft Visual Studio Solution File, Format Version 12.00
Project("{FAE04EC0-301F-11D3-BF4B-00C04F79EFBC}") = "Palindrom", "Palindrom\Palindrom.csproj", "{77FF6180-5EF2-46A4-B0F4-6CD9D3D8034B}"
EndProject
Global
	GlobalSection(SolutionConfigurationPlatforms) = preSolution
		Debug|Any CPU = Debug|Any CPU
		Release|Any CPU = Release|Any CPU
	EndGlobalSection
	GlobalSection(ProjectConfigurationPlatforms) = postSolution
		{77FF6180-5EF2-46A4-B0F4-6CD9D3D8034B}.Debug|Any CPU.ActiveCfg = Debug|Any CPU
		{77FF6180-5EF2-46A4-B0F4-6CD9D3D8034B}.Debug|Any CPU.Build.0 = Debug|Any CPU
		{77FF6180-5EF2-46A4-B0F4-6CD9D3D8034B}.Release|Any CPU.ActiveCfg = Release|Any CPU
		{77FF6180-5EF2-46A4-B0F4-6CD9D3D8034B}.Release|Any CPU.Build.0 = Release|Any CPU
	EndGlobalSection
EndGlobal
